// !$*UTF8*$!
{
	archiveVersion = 1;
	classes = {
	};
	objectVersion = 46;
	objects = {
		5E618435888B9D49F8540165 = {
			buildActionMask = 2147483647;
			files = (
				);
			isa = PBXShellScriptBuildPhase;
			runOnlyForDeploymentPostprocessing = 0;
			name = "Qt Qmake";
			shellPath = "/bin/sh";
			shellScript = "make -C /Users/goldpig/QtProject/TableTools -f qt_makeqmake.mak";
			showEnvVarsInLog = "0";
		};
		B0ED29A723CEAC854A1B6318 = {
			isa = PBXFileReference;
			path = "/Users/goldpig/QtProject/TableTools/main.cpp";
			name = "main.cpp";
			sourceTree = "<absolute>";
			lastKnownFileType = "sourcecode.cpp.cpp";
		};
		44FCC31428D53F50F77F4338 = {
			fileRef = "B0ED29A723CEAC854A1B6318";
			isa = PBXBuildFile;
			settings = {
				ATTRIBUTES = (
					);
			};
		};
		F245E617E7F06602057D80B3 = {
			isa = PBXFileReference;
			path = "/Users/goldpig/QtProject/TableTools/mainwindow.cpp";
			name = "mainwindow.cpp";
			sourceTree = "<absolute>";
			lastKnownFileType = "sourcecode.cpp.cpp";
		};
		F07AC4A0CE3CB0A60E72ED8D = {
			fileRef = "F245E617E7F06602057D80B3";
			isa = PBXBuildFile;
			settings = {
				ATTRIBUTES = (
					);
			};
		};
		F373B8B03A0D59A945C9C77D = {
			isa = PBXFileReference;
			path = "/Users/goldpig/QtProject/TableTools/moc_mainwindow.cpp";
			name = "moc_mainwindow.cpp";
			sourceTree = "<absolute>";
			lastKnownFileType = "sourcecode.cpp.cpp";
		};
		1F1054F6F9F8379F89E9EDFD = {
			fileRef = "F373B8B03A0D59A945C9C77D";
			isa = PBXBuildFile;
			settings = {
				ATTRIBUTES = (
					);
			};
		};
		0A9CF130CBA10445E42B8446 = {
			isa = PBXFileReference;
			path = "/Users/goldpig/QtProject/TableTools/ui_mainwindow.h";
			name = "ui_mainwindow.h";
			sourceTree = "<absolute>";
			lastKnownFileType = "sourcecode.c.h";
		};
		CBC108A2C4DFECB325FE77A7 = {
			isa = PBXFileReference;
			path = "/Users/goldpig/QtProject/TableTools/mainwindow.h";
			name = "mainwindow.h";
			sourceTree = "<absolute>";
			lastKnownFileType = "sourcecode.c.h";
		};
		0092F8A58B5451B5D7CE5B96 = {
			isa = PBXFileReference;
			path = "/Users/goldpig/QtProject/TableTools/TableTools.pro";
			name = "TableTools.pro";
			sourceTree = "<absolute>";
			lastKnownFileType = "text";
		};
		4F5A30C38BC5626843ED6480 = {
			isa = PBXFileReference;
			path = "/Users/goldpig/QtProject/TableTools/.qmake.stash";
			name = ".qmake.stash";
			sourceTree = "<absolute>";
		};
		B6267D19531E5551938AB116 = {
			isa = PBXFileReference;
			path = "/Users/goldpig/QtProject/TableTools/mainwindow.ui";
			name = "mainwindow.ui";
			sourceTree = "<absolute>";
		};
		42C12535657D15DBC23C0897 = {
			fileRef = "B6267D19531E5551938AB116";
			isa = PBXBuildFile;
			settings = {
				ATTRIBUTES = (
					);
			};
		};
		25B08E2869634E9BCBA333A2 = {
			isa = PBXGroup;
			children = (
				"F373B8B03A0D59A945C9C77D",
				"0A9CF130CBA10445E42B8446");
			name = "Generated Sources";
			sourceTree = "<Group>";
		};
		2EB56BE3C2D93CDAB0C52E67 = {
			isa = PBXGroup;
			children = (
				"B0ED29A723CEAC854A1B6318",
				"F245E617E7F06602057D80B3",
				"CBC108A2C4DFECB325FE77A7");
			name = "Sources";
			sourceTree = "<Group>";
		};
		12E908B8A1C3C07C115504F5 = {
			isa = PBXGroup;
			children = (
				"B6267D19531E5551938AB116");
			name = "Sources [uic]";
			sourceTree = "<Group>";
		};
		74B182DB50CB5611B5C1C297 = {
			isa = PBXGroup;
			children = (
				"0092F8A58B5451B5D7CE5B96",
				"4F5A30C38BC5626843ED6480");
			name = "Supporting Files";
			sourceTree = "<Group>";
		};
		7EF0942E79C014DCEC8976BC = {
			buildActionMask = 2147483647;
			files = (
				);
			isa = PBXShellScriptBuildPhase;
			runOnlyForDeploymentPostprocessing = 0;
			name = "Qt Preprocessors";
			shellPath = "/bin/sh";
			shellScript = "make -C /Users/goldpig/QtProject/TableTools -f qt_preprocess.mak";
			showEnvVarsInLog = "0";
		};
		F7E50F631C51CD5B5DC0BC43 = {
			buildActionMask = 2147483647;
			files = (
				"44FCC31428D53F50F77F4338",
				"F07AC4A0CE3CB0A60E72ED8D",
				"1F1054F6F9F8379F89E9EDFD");
			isa = PBXSourcesBuildPhase;
			runOnlyForDeploymentPostprocessing = 0;
			name = "Compile Sources";
		};
		CD60FBDD9D9B40F5454F10BC = {
			isa = PBXFileReference;
			name = "QtWidgets.framework";
			path = "/Users/goldpig/Qt5.5.1/5.5/clang_64/lib/QtWidgets.framework";
			refType = 0;
			sourceTree = "<absolute>";
			lastKnownFileType = "wrapper.framework";
		};
		761AE043464FC55F03409094 = {
			fileRef = "CD60FBDD9D9B40F5454F10BC";
			isa = PBXBuildFile;
			settings = {
			};
		};
		482BF408E8C057EF40AB0899 = {
			isa = PBXFileReference;
			name = "QtGui.framework";
			path = "/Users/goldpig/Qt5.5.1/5.5/clang_64/lib/QtGui.framework";
			refType = 0;
			sourceTree = "<absolute>";
			lastKnownFileType = "wrapper.framework";
		};
		A1594B3F361D276007BBB794 = {
			fileRef = "482BF408E8C057EF40AB0899";
			isa = PBXBuildFile;
			settings = {
			};
		};
		3CF239144791C73C96CB1911 = {
			isa = PBXFileReference;
			name = "QtCore.framework";
			path = "/Users/goldpig/Qt5.5.1/5.5/clang_64/lib/QtCore.framework";
			refType = 0;
			sourceTree = "<absolute>";
			lastKnownFileType = "wrapper.framework";
		};
		3BCFB8FCECAB6CC9D0462A8F = {
			fileRef = "3CF239144791C73C96CB1911";
			isa = PBXBuildFile;
			settings = {
			};
		};
		2B774D8E4178765CE52EAAF5 = {
			isa = PBXFileReference;
			name = "DiskArbitration.framework";
			path = "/System/Library/Frameworks/DiskArbitration.framework";
			refType = 0;
			sourceTree = "<absolute>";
			lastKnownFileType = "wrapper.framework";
		};
		A99B2AA0F9CBBDD12BA126A4 = {
			fileRef = "2B774D8E4178765CE52EAAF5";
			isa = PBXBuildFile;
			settings = {
			};
		};
		A1A67BEAA744704B29168D39 = {
			isa = PBXFileReference;
			name = "IOKit.framework";
			path = "/System/Library/Frameworks/IOKit.framework";
			refType = 0;
			sourceTree = "<absolute>";
			lastKnownFileType = "wrapper.framework";
		};
		8D267F2E4776F0ECA2F49DC8 = {
			fileRef = "A1A67BEAA744704B29168D39";
			isa = PBXBuildFile;
			settings = {
			};
		};
		D4B32C2222F82AC56BADEB21 = {
			isa = PBXFileReference;
			name = "OpenGL.framework";
			path = "/System/Library/Frameworks/OpenGL.framework";
			refType = 0;
			sourceTree = "<absolute>";
			lastKnownFileType = "wrapper.framework";
		};
		8771A8C96E9C391044035D99 = {
			fileRef = "D4B32C2222F82AC56BADEB21";
			isa = PBXBuildFile;
			settings = {
			};
		};
		8D9815BDB5BD9F90D2BC05C5 = {
			isa = PBXFileReference;
			name = "AGL.framework";
			path = "/System/Library/Frameworks/AGL.framework";
			refType = 0;
			sourceTree = "<absolute>";
			lastKnownFileType = "wrapper.framework";
		};
		E45E51A644D5FC9F942ECE55 = {
			fileRef = "8D9815BDB5BD9F90D2BC05C5";
			isa = PBXBuildFile;
			settings = {
			};
		};
		AF39DD055C3EF8226FBE929D = {
			children = (
				"CD60FBDD9D9B40F5454F10BC",
				"482BF408E8C057EF40AB0899",
				"3CF239144791C73C96CB1911",
				"2B774D8E4178765CE52EAAF5",
				"A1A67BEAA744704B29168D39",
				"D4B32C2222F82AC56BADEB21",
				"8D9815BDB5BD9F90D2BC05C5");
			isa = PBXGroup;
			name = "Frameworks";
			sourceTree = "<Group>";
		};
		D1C883685E82D5676953459A = {
			buildActionMask = 2147483647;
			files = (
				"761AE043464FC55F03409094",
				"A1594B3F361D276007BBB794",
				"3BCFB8FCECAB6CC9D0462A8F",
				"A99B2AA0F9CBBDD12BA126A4",
				"8D267F2E4776F0ECA2F49DC8",
				"8771A8C96E9C391044035D99",
				"E45E51A644D5FC9F942ECE55");
			isa = PBXFrameworksBuildPhase;
			runOnlyForDeploymentPostprocessing = 0;
			name = "Link Binary With Libraries";
		};
		30414803F31797EB689AE508 = {
			buildActionMask = 2147483647;
			files = (
				);
			isa = PBXResourcesBuildPhase;
			runOnlyForDeploymentPostprocessing = 0;
			name = "Copy Bundle Resources";
		};
		0DB8A17AB25D60343F1743B8 = {
			isa = PBXFileReference;
			includeInIndex = 0;
			explicitFileType = "wrapper.application";
			path = "TableTools.app";
			sourceTree = BUILT_PRODUCTS_DIR;
		};
		FE0A091FDBFB3E9C31B7A1BD = {
			children = (
				"0DB8A17AB25D60343F1743B8");
			isa = PBXGroup;
			name = "Products";
			sourceTree = "<Group>";
		};
		E8C543AB96796ECAA2E65C57 = {
			children = (
				"2EB56BE3C2D93CDAB0C52E67",
				"25B08E2869634E9BCBA333A2",
				"74B182DB50CB5611B5C1C297",
				"12E908B8A1C3C07C115504F5",
				"AF39DD055C3EF8226FBE929D",
				"FE0A091FDBFB3E9C31B7A1BD");
			isa = PBXGroup;
			name = "TableTools";
			sourceTree = "<Group>";
		};
		5F6BE046D616476B2D2B3607 = {
			buildPhases = (
				"5E618435888B9D49F8540165",
				"7EF0942E79C014DCEC8976BC");
			dependencies = (
				);
			buildConfigurationList = 6CC3B5D2136C7CD6A5CF5A59;
			isa = PBXAggregateTarget;
			buildRules = (
);
			productName = "Qt Preprocess";
			name = "Qt Preprocess";
		};
		49AB55BF05FD43586DC1F61F = {
			isa = PBXTargetDependency;
			target = "5F6BE046D616476B2D2B3607";
		};
		66DA9D5026F314A0FECEB221 = {
			buildPhases = (
				"F7E50F631C51CD5B5DC0BC43",
				"D1C883685E82D5676953459A",
				"30414803F31797EB689AE508");
			dependencies = (
				"49AB55BF05FD43586DC1F61F");
			productReference = "0DB8A17AB25D60343F1743B8";
			buildConfigurationList = 6CC3B5D2136C7CD6A5CF5A59;
			isa = PBXNativeTarget;
			buildRules = (
);
			productType = "com.apple.product-type.application";
			name = "TableTools";
			productName = "TableTools";
		};
		3AA6C32AC930069E80220CF1 = {
			isa = XCBuildConfiguration;
			buildSettings = {
				COPY_PHASE_STRIP = "NO";
				ENABLE_BITCODE = "NO";
				GCC_GENERATE_DEBUGGING_SYMBOLS = "YES";
				GCC_OPTIMIZATION_LEVEL = "0";
				PRODUCT_NAME = "TableTools";
				QT_LIBRARY_SUFFIX = "_debug";
				SDKROOT = "macosx10.14";
				GCC_VERSION = com.apple.compilers.llvm.clang.1_0;
				CC = "/Applications/Xcode.app/Contents/Developer/Toolchains/XcodeDefault.xctoolchain/usr/bin/clang";
				LDPLUSPLUS = "/Applications/Xcode.app/Contents/Developer/Toolchains/XcodeDefault.xctoolchain/usr/bin/clang++";
				INFOPLIST_FILE = "Info.plist";
				SYMROOT = "/Users/goldpig/QtProject/TableTools";
				DYLIB_CURRENT_VERSION = "1.0.0";
				DYLIB_COMPATIBILITY_VERSION = "1.0";
				MACOSX_DEPLOYMENT_TARGET = "10.7";
				HEADER_SEARCH_PATHS = (
					".",
					"../../Qt5.5.1/5.5/clang_64/lib/QtWidgets.framework/Headers",
					"../../Qt5.5.1/5.5/clang_64/lib/QtGui.framework/Headers",
					"../../Qt5.5.1/5.5/clang_64/lib/QtCore.framework/Headers",
					".",
					"/Applications/Xcode.app/Contents/Developer/Platforms/MacOSX.platform/Developer/SDKs/MacOSX10.14.sdk/System/Library/Frameworks/OpenGL.framework/Headers",
					"/Applications/Xcode.app/Contents/Developer/Platforms/MacOSX.platform/Developer/SDKs/MacOSX10.14.sdk/System/Library/Frameworks/AGL.framework/Headers",
					".",
					"../../Qt5.5.1/5.5/clang_64/mkspecs/macx-clang");
				LIBRARY_SEARCH_PATHS = (
					"/Users/goldpig/Qt5.5.1/5.5/clang_64/lib",
					"/System/Library/Frameworks/");
				FRAMEWORK_SEARCH_PATHS = (
					"/Users/goldpig/Qt5.5.1/5.5/clang_64/lib",
					"/Users/goldpig/Qt5.5.1/5.5/clang_64/lib");
				OTHER_CFLAGS = (
					"-pipe",
					"-O2",
					"-Wall",
					"-W",
					"-fPIC",
					"-DQT_NO_DEBUG",
					"-DQT_WIDGETS_LIB",
					"-DQT_GUI_LIB",
					"-DQT_CORE_LIB");
				OTHER_CPLUSPLUSFLAGS = (
					"-pipe",
					"-O2",
					"-Wall",
					"-W",
					"-fPIC",
					"-DQT_NO_DEBUG",
					"-DQT_WIDGETS_LIB",
					"-DQT_GUI_LIB",
					"-DQT_CORE_LIB");
				OTHER_LDFLAGS = (
						"-headerpad_max_install_names",
						"-Wl,-rpath,/Users/goldpig/Qt5.5.1/5.5/clang_64/lib",
						"-F/Users/goldpig/Qt5.5.1/5.5/clang_64/lib");
				ARCHS = "x86_64";
			};
			name = "Debug";
		};
		77418F46922677BB04ED38DD = {
			isa = XCBuildConfiguration;
			buildSettings = {
				COPY_PHASE_STRIP = "NO";
				ENABLE_BITCODE = "NO";
				GCC_GENERATE_DEBUGGING_SYMBOLS = "YES";
				GCC_OPTIMIZATION_LEVEL = "0";
				PRODUCT_NAME = "TableTools";
				QT_LIBRARY_SUFFIX = "_debug";
				SDKROOT = "macosx10.14";
				PRODUCT_NAME = "TableTools";
			};
			name = "Debug";
		};
		339EE1B2CC4FC24589A0EA95 = {
			isa = XCBuildConfiguration;
			buildSettings = {
				COPY_PHASE_STRIP = "YES";
				ENABLE_BITCODE = "NO";
				GCC_GENERATE_DEBUGGING_SYMBOLS = "NO";
				PRODUCT_NAME = "TableTools";
				QT_LIBRARY_SUFFIX = "";
				SDKROOT = "macosx10.14";
				GCC_VERSION = com.apple.compilers.llvm.clang.1_0;
				CC = "/Applications/Xcode.app/Contents/Developer/Toolchains/XcodeDefault.xctoolchain/usr/bin/clang";
				LDPLUSPLUS = "/Applications/Xcode.app/Contents/Developer/Toolchains/XcodeDefault.xctoolchain/usr/bin/clang++";
				INFOPLIST_FILE = "Info.plist";
				SYMROOT = "/Users/goldpig/QtProject/TableTools";
				DYLIB_CURRENT_VERSION = "1.0.0";
				DYLIB_COMPATIBILITY_VERSION = "1.0";
				MACOSX_DEPLOYMENT_TARGET = "10.7";
				HEADER_SEARCH_PATHS = (
					".",
					"../../Qt5.5.1/5.5/clang_64/lib/QtWidgets.framework/Headers",
					"../../Qt5.5.1/5.5/clang_64/lib/QtGui.framework/Headers",
					"../../Qt5.5.1/5.5/clang_64/lib/QtCore.framework/Headers",
					".",
					"/Applications/Xcode.app/Contents/Developer/Platforms/MacOSX.platform/Developer/SDKs/MacOSX10.14.sdk/System/Library/Frameworks/OpenGL.framework/Headers",
					"/Applications/Xcode.app/Contents/Developer/Platforms/MacOSX.platform/Developer/SDKs/MacOSX10.14.sdk/System/Library/Frameworks/AGL.framework/Headers",
					".",
					"../../Qt5.5.1/5.5/clang_64/mkspecs/macx-clang");
				LIBRARY_SEARCH_PATHS = (
					"/Users/goldpig/Qt5.5.1/5.5/clang_64/lib",
					"/System/Library/Frameworks/");
				FRAMEWORK_SEARCH_PATHS = (
					"/Users/goldpig/Qt5.5.1/5.5/clang_64/lib",
					"/Users/goldpig/Qt5.5.1/5.5/clang_64/lib");
				OTHER_CFLAGS = (
					"-pipe",
					"-O2",
					"-Wall",
					"-W",
					"-fPIC",
					"-DQT_NO_DEBUG",
					"-DQT_WIDGETS_LIB",
					"-DQT_GUI_LIB",
					"-DQT_CORE_LIB");
				OTHER_CPLUSPLUSFLAGS = (
					"-pipe",
					"-O2",
					"-Wall",
					"-W",
					"-fPIC",
					"-DQT_NO_DEBUG",
					"-DQT_WIDGETS_LIB",
					"-DQT_GUI_LIB",
					"-DQT_CORE_LIB");
				OTHER_LDFLAGS = (
						"-headerpad_max_install_names",
						"-Wl,-rpath,/Users/goldpig/Qt5.5.1/5.5/clang_64/lib",
						"-F/Users/goldpig/Qt5.5.1/5.5/clang_64/lib");
				ARCHS = "x86_64";
			};
			name = "Release";
		};
		6666AA5E688052234F6758D8 = {
			isa = XCBuildConfiguration;
			buildSettings = {
				COPY_PHASE_STRIP = "YES";
				ENABLE_BITCODE = "NO";
				GCC_GENERATE_DEBUGGING_SYMBOLS = "NO";
				PRODUCT_NAME = "TableTools";
				QT_LIBRARY_SUFFIX = "";
				SDKROOT = "macosx10.14";
				PRODUCT_NAME = "TableTools";
			};
			name = "Release";
		};
		DAC4C1AA5EDEA1C85E9CA5E6 = {
			isa = XCConfigurationList;
			buildConfigurations = (
				"3AA6C32AC930069E80220CF1",
				"339EE1B2CC4FC24589A0EA95");
			defaultConfigurationIsVisible = 0;
			defaultConfigurationName = "Release";
		};
		6CC3B5D2136C7CD6A5CF5A59 = {
			isa = XCConfigurationList;
			buildConfigurations = (
				"77418F46922677BB04ED38DD",
				"6666AA5E688052234F6758D8");
			defaultConfigurationIsVisible = 0;
			defaultConfigurationName = "Release";
		};
		6DB9C3763D02B1415CD9D565 = {
			hasScannedForEncodings = 1;
			compatibilityVersion = "Xcode 3.2";
			isa = PBXProject;
			mainGroup = "E8C543AB96796ECAA2E65C57";
			productRefGroup = "FE0A091FDBFB3E9C31B7A1BD";
			buildConfigurationList = "DAC4C1AA5EDEA1C85E9CA5E6";
			projectDirPath = "";
			projectRoot = "";
			targets = (
				"66DA9D5026F314A0FECEB221",
				"5F6BE046D616476B2D2B3607");
			attributes = {
				TargetAttributes = {
				};
			};
		};
	};
	rootObject = "6DB9C3763D02B1415CD9D565";
}
